
Microsoft Visual Studio Solution File, Format Version 12.00
# Visual Studio Version 17
VisualStudioVersion = 17.4.33110.190
MinimumVisualStudioVersion = 10.0.40219.1
Project("{FAE04EC0-301F-11D3-BF4B-00C04F79EFBC}") = "nuget", "nuget\nuget.csproj", "{18AC2144-D09C-4A65-910D-0AE39CEB6947}"
EndProject
Global
	GlobalSection(SolutionConfigurationPlatforms) = preSolution
		Debug|Any CPU = Debug|Any CPU
		Release|Any CPU = Release|Any CPU
	EndGlobalSection
	GlobalSection(ProjectConfigurationPlatforms) = postSolution
		{18AC2144-D09C-4A65-910D-0AE39CEB6947}.Debug|Any CPU.ActiveCfg = Debug|Any CPU
		{18AC2144-D09C-4A65-910D-0AE39CEB6947}.Debug|Any CPU.Build.0 = Debug|Any CPU
		{18AC2144-D09C-4A65-910D-0AE39CEB6947}.Release|Any CPU.ActiveCfg = Release|Any CPU
		{18AC2144-D09C-4A65-910D-0AE39CEB6947}.Release|Any CPU.Build.0 = Release|Any CPU
	EndGlobalSection
	GlobalSection(SolutionProperties) = preSolution
		HideSolutionNode = FALSE
	EndGlobalSection
	GlobalSection(ExtensibilityGlobals) = postSolution
		SolutionGuid = {331A32E2-BEAB-4BF6-95AB-20EF261103BF}
	EndGlobalSection
EndGlobal
